
Microsoft Visual Studio Solution File, Format Version 12.00
# Visual Studio Version 17
VisualStudioVersion = 17.4.33403.182
MinimumVisualStudioVersion = 10.0.40219.1
Project("{888888A0-9F3D-457C-B088-3A5042F75D52}") = "Client", "Client\Client.pyproj", "{ADFF4D93-4D5C-4601-8034-5F4343CFD9BA}"
EndProject
Project("{FAE04EC0-301F-11D3-BF4B-00C04F79EFBC}") = "Server", "Server\Server.csproj", "{8EEA3E97-E073-47B9-AC3A-BE7CC4429FB5}"
EndProject
Global
	GlobalSection(SolutionConfigurationPlatforms) = preSolution
		Debug|Any CPU = Debug|Any CPU
		Release|Any CPU = Release|Any CPU
	EndGlobalSection
	GlobalSection(ProjectConfigurationPlatforms) = postSolution
		{ADFF4D93-4D5C-4601-8034-5F4343CFD9BA}.Debug|Any CPU.ActiveCfg = Debug|Any CPU
		{ADFF4D93-4D5C-4601-8034-5F4343CFD9BA}.Release|Any CPU.ActiveCfg = Release|Any CPU
		{8EEA3E97-E073-47B9-AC3A-BE7CC4429FB5}.Debug|Any CPU.ActiveCfg = Debug|Any CPU
		{8EEA3E97-E073-47B9-AC3A-BE7CC4429FB5}.Debug|Any CPU.Build.0 = Debug|Any CPU
		{8EEA3E97-E073-47B9-AC3A-BE7CC4429FB5}.Release|Any CPU.ActiveCfg = Release|Any CPU
		{8EEA3E97-E073-47B9-AC3A-BE7CC4429FB5}.Release|Any CPU.Build.0 = Release|Any CPU
	EndGlobalSection
	GlobalSection(SolutionProperties) = preSolution
		HideSolutionNode = FALSE
	EndGlobalSection
	GlobalSection(ExtensibilityGlobals) = postSolution
		SolutionGuid = {FD554AF7-34AC-4ABE-AA95-C77EC43A16DA}
	EndGlobalSection
EndGlobal
